
Microsoft Visual Studio Solution File, Format Version 12.00
Project("{FAE04EC0-301F-11D3-BF4B-00C04F79EFBC}") = "tut8", "tut8\tut8.csproj", "{3E22C294-9FE0-404B-9D25-142F94A03056}"
EndProject
Global
	GlobalSection(SolutionConfigurationPlatforms) = preSolution
		Debug|Any CPU = Debug|Any CPU
		Release|Any CPU = Release|Any CPU
	EndGlobalSection
	GlobalSection(ProjectConfigurationPlatforms) = postSolution
		{3E22C294-9FE0-404B-9D25-142F94A03056}.Debug|Any CPU.ActiveCfg = Debug|Any CPU
		{3E22C294-9FE0-404B-9D25-142F94A03056}.Debug|Any CPU.Build.0 = Debug|Any CPU
		{3E22C294-9FE0-404B-9D25-142F94A03056}.Release|Any CPU.ActiveCfg = Release|Any CPU
		{3E22C294-9FE0-404B-9D25-142F94A03056}.Release|Any CPU.Build.0 = Release|Any CPU
	EndGlobalSection
EndGlobal
