
Microsoft Visual Studio Solution File, Format Version 12.00
Project("{FAE04EC0-301F-11D3-BF4B-00C04F79EFBC}") = "tut10", "tut10\tut10.csproj", "{308652FA-A76E-4D9C-920E-7DF869C3BDBF}"
EndProject
Global
	GlobalSection(SolutionConfigurationPlatforms) = preSolution
		Debug|Any CPU = Debug|Any CPU
		Release|Any CPU = Release|Any CPU
	EndGlobalSection
	GlobalSection(ProjectConfigurationPlatforms) = postSolution
		{308652FA-A76E-4D9C-920E-7DF869C3BDBF}.Debug|Any CPU.ActiveCfg = Debug|Any CPU
		{308652FA-A76E-4D9C-920E-7DF869C3BDBF}.Debug|Any CPU.Build.0 = Debug|Any CPU
		{308652FA-A76E-4D9C-920E-7DF869C3BDBF}.Release|Any CPU.ActiveCfg = Release|Any CPU
		{308652FA-A76E-4D9C-920E-7DF869C3BDBF}.Release|Any CPU.Build.0 = Release|Any CPU
	EndGlobalSection
EndGlobal
