
Microsoft Visual Studio Solution File, Format Version 12.00
Project("{FAE04EC0-301F-11D3-BF4B-00C04F79EFBC}") = "tut11", "tut11\tut11.csproj", "{7A154373-188B-40B3-9789-09EE9B7F1D6C}"
EndProject
Global
	GlobalSection(SolutionConfigurationPlatforms) = preSolution
		Debug|Any CPU = Debug|Any CPU
		Release|Any CPU = Release|Any CPU
	EndGlobalSection
	GlobalSection(ProjectConfigurationPlatforms) = postSolution
		{7A154373-188B-40B3-9789-09EE9B7F1D6C}.Debug|Any CPU.ActiveCfg = Debug|Any CPU
		{7A154373-188B-40B3-9789-09EE9B7F1D6C}.Debug|Any CPU.Build.0 = Debug|Any CPU
		{7A154373-188B-40B3-9789-09EE9B7F1D6C}.Release|Any CPU.ActiveCfg = Release|Any CPU
		{7A154373-188B-40B3-9789-09EE9B7F1D6C}.Release|Any CPU.Build.0 = Release|Any CPU
	EndGlobalSection
EndGlobal
